// !$*UTF8*$!
{
	archiveVersion = 1;
	classes = {
	};
	objectVersion = 46;
	objects = {

/* Begin PBXBuildFile section */
		D72FA2BE18FE7F4400E3ACC6 /* Foundation.framework in Frameworks */ = {isa = PBXBuildFile; fileRef = D72FA2BD18FE7F4400E3ACC6 /* Foundation.framework */; };
		D72FA2C018FE7F4400E3ACC6 /* CoreGraphics.framework in Frameworks */ = {isa = PBXBuildFile; fileRef = D72FA2BF18FE7F4400E3ACC6 /* CoreGraphics.framework */; };
		D72FA2C218FE7F4400E3ACC6 /* UIKit.framework in Frameworks */ = {isa = PBXBuildFile; fileRef = D72FA2C118FE7F4400E3ACC6 /* UIKit.framework */; };
		D72FA2C818FE7F4400E3ACC6 /* InfoPlist.strings in Resources */ = {isa = PBXBuildFile; fileRef = D72FA2C618FE7F4400E3ACC6 /* InfoPlist.strings */; };
		D72FA2CA18FE7F4400E3ACC6 /* main.m in Sources */ = {isa = PBXBuildFile; fileRef = D72FA2C918FE7F4400E3ACC6 /* main.m */; };
		D72FA2CE18FE7F4400E3ACC6 /* AppDelegate.m in Sources */ = {isa = PBXBuildFile; fileRef = D72FA2CD18FE7F4400E3ACC6 /* AppDelegate.m */; };
		D72FA2D618FE7F4400E3ACC6 /* Images.xcassets in Resources */ = {isa = PBXBuildFile; fileRef = D72FA2D518FE7F4400E3ACC6 /* Images.xcassets */; };
		D72FA2DD18FE7F4500E3ACC6 /* XCTest.framework in Frameworks */ = {isa = PBXBuildFile; fileRef = D72FA2DC18FE7F4500E3ACC6 /* XCTest.framework */; };
		D72FA2DE18FE7F4500E3ACC6 /* Foundation.framework in Frameworks */ = {isa = PBXBuildFile; fileRef = D72FA2BD18FE7F4400E3ACC6 /* Foundation.framework */; };
		D72FA2DF18FE7F4500E3ACC6 /* UIKit.framework in Frameworks */ = {isa = PBXBuildFile; fileRef = D72FA2C118FE7F4400E3ACC6 /* UIKit.framework */; };
		D72FA2E718FE7F4500E3ACC6 /* InfoPlist.strings in Resources */ = {isa = PBXBuildFile; fileRef = D72FA2E518FE7F4500E3ACC6 /* InfoPlist.strings */; };
		D72FA2E918FE7F4500E3ACC6 /* _CSwipeTests.m in Sources */ = {isa = PBXBuildFile; fileRef = D72FA2E818FE7F4500E3ACC6 /* _CSwipeTests.m */; };
		D72FA2F318FE7F6600E3ACC6 /* Main.storyboard in Resources */ = {isa = PBXBuildFile; fileRef = D72FA2F218FE7F6600E3ACC6 /* Main.storyboard */; };
		D72FA2F618FE7F7300E3ACC6 /* LoginPage.m in Sources */ = {isa = PBXBuildFile; fileRef = D72FA2F518FE7F7300E3ACC6 /* LoginPage.m */; };
		D72FA2FF18FE822A00E3ACC6 /* ViewController.m in Sources */ = {isa = PBXBuildFile; fileRef = D72FA2FE18FE822A00E3ACC6 /* ViewController.m */; };
		D72FA30418FF398D00E3ACC6 /* Security.framework in Frameworks */ = {isa = PBXBuildFile; fileRef = D72FA30318FF398D00E3ACC6 /* Security.framework */; };
		D72FA30D18FF755900E3ACC6 /* STKeychain.m in Sources */ = {isa = PBXBuildFile; fileRef = D72FA30C18FF755900E3ACC6 /* STKeychain.m */; settings = {COMPILER_FLAGS = "-fno-objc-arc"; }; };
		D7433F221900B6C200685A58 /* 5CSwipe-Info.plist in Resources */ = {isa = PBXBuildFile; fileRef = D7433F211900B6C200685A58 /* 5CSwipe-Info.plist */; };
		D7433F241900B6D100685A58 /* whiteCheck.png in Resources */ = {isa = PBXBuildFile; fileRef = D7433F231900B6D100685A58 /* whiteCheck.png */; };
		D7433F261900B6FC00685A58 /* loginButton.png in Resources */ = {isa = PBXBuildFile; fileRef = D7433F251900B6FC00685A58 /* loginButton.png */; };
		D7433F281900B70F00685A58 /* background.jpg in Resources */ = {isa = PBXBuildFile; fileRef = D7433F271900B70F00685A58 /* background.jpg */; };
/* End PBXBuildFile section */

/* Begin PBXContainerItemProxy section */
		D72FA2E018FE7F4500E3ACC6 /* PBXContainerItemProxy */ = {
			isa = PBXContainerItemProxy;
			containerPortal = D72FA2B218FE7F4400E3ACC6 /* Project object */;
			proxyType = 1;
			remoteGlobalIDString = D72FA2B918FE7F4400E3ACC6;
			remoteInfo = 5CSwipe;
		};
/* End PBXContainerItemProxy section */

/* Begin PBXFileReference section */
		D72FA2BA18FE7F4400E3ACC6 /* 5CSwipe.app */ = {isa = PBXFileReference; explicitFileType = wrapper.application; includeInIndex = 0; path = 5CSwipe.app; sourceTree = BUILT_PRODUCTS_DIR; };
		D72FA2BD18FE7F4400E3ACC6 /* Foundation.framework */ = {isa = PBXFileReference; lastKnownFileType = wrapper.framework; name = Foundation.framework; path = System/Library/Frameworks/Foundation.framework; sourceTree = SDKROOT; };
		D72FA2BF18FE7F4400E3ACC6 /* CoreGraphics.framework */ = {isa = PBXFileReference; lastKnownFileType = wrapper.framework; name = CoreGraphics.framework; path = System/Library/Frameworks/CoreGraphics.framework; sourceTree = SDKROOT; };
		D72FA2C118FE7F4400E3ACC6 /* UIKit.framework */ = {isa = PBXFileReference; lastKnownFileType = wrapper.framework; name = UIKit.framework; path = System/Library/Frameworks/UIKit.framework; sourceTree = SDKROOT; };
		D72FA2C718FE7F4400E3ACC6 /* en */ = {isa = PBXFileReference; lastKnownFileType = text.plist.strings; name = en; path = en.lproj/InfoPlist.strings; sourceTree = "<group>"; };
		D72FA2C918FE7F4400E3ACC6 /* main.m */ = {isa = PBXFileReference; lastKnownFileType = sourcecode.c.objc; path = main.m; sourceTree = "<group>"; };
		D72FA2CB18FE7F4400E3ACC6 /* 5CSwipe-Prefix.pch */ = {isa = PBXFileReference; lastKnownFileType = sourcecode.c.h; path = "5CSwipe-Prefix.pch"; sourceTree = "<group>"; };
		D72FA2CC18FE7F4400E3ACC6 /* AppDelegate.h */ = {isa = PBXFileReference; lastKnownFileType = sourcecode.c.h; path = AppDelegate.h; sourceTree = "<group>"; };
		D72FA2CD18FE7F4400E3ACC6 /* AppDelegate.m */ = {isa = PBXFileReference; lastKnownFileType = sourcecode.c.objc; path = AppDelegate.m; sourceTree = "<group>"; };
		D72FA2D518FE7F4400E3ACC6 /* Images.xcassets */ = {isa = PBXFileReference; lastKnownFileType = folder.assetcatalog; path = Images.xcassets; sourceTree = "<group>"; };
		D72FA2DB18FE7F4500E3ACC6 /* 5CSwipeTests.xctest */ = {isa = PBXFileReference; explicitFileType = wrapper.cfbundle; includeInIndex = 0; path = 5CSwipeTests.xctest; sourceTree = BUILT_PRODUCTS_DIR; };
		D72FA2DC18FE7F4500E3ACC6 /* XCTest.framework */ = {isa = PBXFileReference; lastKnownFileType = wrapper.framework; name = XCTest.framework; path = Library/Frameworks/XCTest.framework; sourceTree = DEVELOPER_DIR; };
		D72FA2E418FE7F4500E3ACC6 /* 5CSwipeTests-Info.plist */ = {isa = PBXFileReference; lastKnownFileType = text.plist.xml; path = "5CSwipeTests-Info.plist"; sourceTree = "<group>"; };
		D72FA2E618FE7F4500E3ACC6 /* en */ = {isa = PBXFileReference; lastKnownFileType = text.plist.strings; name = en; path = en.lproj/InfoPlist.strings; sourceTree = "<group>"; };
		D72FA2E818FE7F4500E3ACC6 /* _CSwipeTests.m */ = {isa = PBXFileReference; lastKnownFileType = sourcecode.c.objc; path = _CSwipeTests.m; sourceTree = "<group>"; };
		D72FA2F218FE7F6600E3ACC6 /* Main.storyboard */ = {isa = PBXFileReference; fileEncoding = 4; lastKnownFileType = file.storyboard; path = Main.storyboard; sourceTree = "<group>"; };
		D72FA2F518FE7F7300E3ACC6 /* LoginPage.m */ = {isa = PBXFileReference; fileEncoding = 4; lastKnownFileType = sourcecode.c.objc; path = LoginPage.m; sourceTree = "<group>"; };
		D72FA2FD18FE822A00E3ACC6 /* ViewController.h */ = {isa = PBXFileReference; fileEncoding = 4; lastKnownFileType = sourcecode.c.h; name = ViewController.h; path = ../ViewController.h; sourceTree = "<group>"; };
		D72FA2FE18FE822A00E3ACC6 /* ViewController.m */ = {isa = PBXFileReference; fileEncoding = 4; lastKnownFileType = sourcecode.c.objc; name = ViewController.m; path = ../ViewController.m; sourceTree = "<group>"; };
		D72FA30318FF398D00E3ACC6 /* Security.framework */ = {isa = PBXFileReference; lastKnownFileType = wrapper.framework; name = Security.framework; path = System/Library/Frameworks/Security.framework; sourceTree = SDKROOT; };
		D72FA30B18FF755900E3ACC6 /* STKeychain.h */ = {isa = PBXFileReference; fileEncoding = 4; lastKnownFileType = sourcecode.c.h; path = STKeychain.h; sourceTree = "<group>"; };
		D72FA30C18FF755900E3ACC6 /* STKeychain.m */ = {isa = PBXFileReference; fileEncoding = 4; lastKnownFileType = sourcecode.c.objc; path = STKeychain.m; sourceTree = "<group>"; };
		D72FA30E18FF776B00E3ACC6 /* STUtils.h */ = {isa = PBXFileReference; lastKnownFileType = sourcecode.c.h; path = STUtils.h; sourceTree = "<group>"; };
		D7433F201900A81C00685A58 /* LoginPage.h */ = {isa = PBXFileReference; lastKnownFileType = sourcecode.c.h; path = LoginPage.h; sourceTree = "<group>"; };
		D7433F211900B6C200685A58 /* 5CSwipe-Info.plist */ = {isa = PBXFileReference; fileEncoding = 4; lastKnownFileType = text.plist.xml; path = "5CSwipe-Info.plist"; sourceTree = "<group>"; };
		D7433F231900B6D100685A58 /* whiteCheck.png */ = {isa = PBXFileReference; lastKnownFileType = image.png; path = whiteCheck.png; sourceTree = "<group>"; };
		D7433F251900B6FC00685A58 /* loginButton.png */ = {isa = PBXFileReference; lastKnownFileType = image.png; path = loginButton.png; sourceTree = "<group>"; };
		D7433F271900B70F00685A58 /* background.jpg */ = {isa = PBXFileReference; lastKnownFileType = image.jpeg; path = background.jpg; sourceTree = "<group>"; };
/* End PBXFileReference section */

/* Begin PBXFrameworksBuildPhase section */
		D72FA2B718FE7F4400E3ACC6 /* Frameworks */ = {
			isa = PBXFrameworksBuildPhase;
			buildActionMask = 2147483647;
			files = (
				D72FA30418FF398D00E3ACC6 /* Security.framework in Frameworks */,
				D72FA2C018FE7F4400E3ACC6 /* CoreGraphics.framework in Frameworks */,
				D72FA2C218FE7F4400E3ACC6 /* UIKit.framework in Frameworks */,
				D72FA2BE18FE7F4400E3ACC6 /* Foundation.framework in Frameworks */,
			);
			runOnlyForDeploymentPostprocessing = 0;
		};
		D72FA2D818FE7F4500E3ACC6 /* Frameworks */ = {
			isa = PBXFrameworksBuildPhase;
			buildActionMask = 2147483647;
			files = (
				D72FA2DD18FE7F4500E3ACC6 /* XCTest.framework in Frameworks */,
				D72FA2DF18FE7F4500E3ACC6 /* UIKit.framework in Frameworks */,
				D72FA2DE18FE7F4500E3ACC6 /* Foundation.framework in Frameworks */,
			);
			runOnlyForDeploymentPostprocessing = 0;
		};
/* End PBXFrameworksBuildPhase section */

/* Begin PBXGroup section */
		D72FA2B118FE7F4400E3ACC6 = {
			isa = PBXGroup;
			children = (
				D72FA2C318FE7F4400E3ACC6 /* 5CSwipe */,
				D72FA2E218FE7F4500E3ACC6 /* 5CSwipeTests */,
				D72FA2BC18FE7F4400E3ACC6 /* Frameworks */,
				D72FA2BB18FE7F4400E3ACC6 /* Products */,
			);
			sourceTree = "<group>";
		};
		D72FA2BB18FE7F4400E3ACC6 /* Products */ = {
			isa = PBXGroup;
			children = (
				D72FA2BA18FE7F4400E3ACC6 /* 5CSwipe.app */,
				D72FA2DB18FE7F4500E3ACC6 /* 5CSwipeTests.xctest */,
			);
			name = Products;
			sourceTree = "<group>";
		};
		D72FA2BC18FE7F4400E3ACC6 /* Frameworks */ = {
			isa = PBXGroup;
			children = (
				D72FA30318FF398D00E3ACC6 /* Security.framework */,
				D72FA2BD18FE7F4400E3ACC6 /* Foundation.framework */,
				D72FA2BF18FE7F4400E3ACC6 /* CoreGraphics.framework */,
				D72FA2C118FE7F4400E3ACC6 /* UIKit.framework */,
				D72FA2DC18FE7F4500E3ACC6 /* XCTest.framework */,
			);
			name = Frameworks;
			sourceTree = "<group>";
		};
		D72FA2C318FE7F4400E3ACC6 /* 5CSwipe */ = {
			isa = PBXGroup;
			children = (
				D72FA2CC18FE7F4400E3ACC6 /* AppDelegate.h */,
				D72FA2CD18FE7F4400E3ACC6 /* AppDelegate.m */,
				D72FA30E18FF776B00E3ACC6 /* STUtils.h */,
				D72FA30B18FF755900E3ACC6 /* STKeychain.h */,
				D72FA30C18FF755900E3ACC6 /* STKeychain.m */,
				D72FA2F218FE7F6600E3ACC6 /* Main.storyboard */,
				D7433F201900A81C00685A58 /* LoginPage.h */,
				D72FA2F518FE7F7300E3ACC6 /* LoginPage.m */,
				D72FA2FD18FE822A00E3ACC6 /* ViewController.h */,
				D72FA2FE18FE822A00E3ACC6 /* ViewController.m */,
				D72FA2D518FE7F4400E3ACC6 /* Images.xcassets */,
				D72FA2C418FE7F4400E3ACC6 /* Supporting Files */,
			);
			path = 5CSwipe;
			sourceTree = "<group>";
		};
		D72FA2C418FE7F4400E3ACC6 /* Supporting Files */ = {
			isa = PBXGroup;
			children = (
				D7433F251900B6FC00685A58 /* loginButton.png */,
				D7433F271900B70F00685A58 /* background.jpg */,
				D7433F231900B6D100685A58 /* whiteCheck.png */,
				D7433F211900B6C200685A58 /* 5CSwipe-Info.plist */,
				D72FA2C618FE7F4400E3ACC6 /* InfoPlist.strings */,
				D72FA2C918FE7F4400E3ACC6 /* main.m */,
				D72FA2CB18FE7F4400E3ACC6 /* 5CSwipe-Prefix.pch */,
			);
			name = "Supporting Files";
			sourceTree = "<group>";
		};
		D72FA2E218FE7F4500E3ACC6 /* 5CSwipeTests */ = {
			isa = PBXGroup;
			children = (
				D72FA2E818FE7F4500E3ACC6 /* _CSwipeTests.m */,
				D72FA2E318FE7F4500E3ACC6 /* Supporting Files */,
			);
			path = 5CSwipeTests;
			sourceTree = "<group>";
		};
		D72FA2E318FE7F4500E3ACC6 /* Supporting Files */ = {
			isa = PBXGroup;
			children = (
				D72FA2E418FE7F4500E3ACC6 /* 5CSwipeTests-Info.plist */,
				D72FA2E518FE7F4500E3ACC6 /* InfoPlist.strings */,
			);
			name = "Supporting Files";
			sourceTree = "<group>";
		};
/* End PBXGroup section */

/* Begin PBXNativeTarget section */
		D72FA2B918FE7F4400E3ACC6 /* 5CSwipe */ = {
			isa = PBXNativeTarget;
			buildConfigurationList = D72FA2EC18FE7F4500E3ACC6 /* Build configuration list for PBXNativeTarget "5CSwipe" */;
			buildPhases = (
				D72FA2B618FE7F4400E3ACC6 /* Sources */,
				D72FA2B718FE7F4400E3ACC6 /* Frameworks */,
				D72FA2B818FE7F4400E3ACC6 /* Resources */,
			);
			buildRules = (
			);
			dependencies = (
			);
			name = 5CSwipe;
			productName = 5CSwipe;
			productReference = D72FA2BA18FE7F4400E3ACC6 /* 5CSwipe.app */;
			productType = "com.apple.product-type.application";
		};
		D72FA2DA18FE7F4500E3ACC6 /* 5CSwipeTests */ = {
			isa = PBXNativeTarget;
			buildConfigurationList = D72FA2EF18FE7F4500E3ACC6 /* Build configuration list for PBXNativeTarget "5CSwipeTests" */;
			buildPhases = (
				D72FA2D718FE7F4500E3ACC6 /* Sources */,
				D72FA2D818FE7F4500E3ACC6 /* Frameworks */,
				D72FA2D918FE7F4500E3ACC6 /* Resources */,
			);
			buildRules = (
			);
			dependencies = (
				D72FA2E118FE7F4500E3ACC6 /* PBXTargetDependency */,
			);
			name = 5CSwipeTests;
			productName = 5CSwipeTests;
			productReference = D72FA2DB18FE7F4500E3ACC6 /* 5CSwipeTests.xctest */;
			productType = "com.apple.product-type.bundle.unit-test";
		};
/* End PBXNativeTarget section */

/* Begin PBXProject section */
		D72FA2B218FE7F4400E3ACC6 /* Project object */ = {
			isa = PBXProject;
			attributes = {
				LastUpgradeCheck = 0510;
				ORGANIZATIONNAME = "Brian Leonard";
				TargetAttributes = {
					D72FA2DA18FE7F4500E3ACC6 = {
						TestTargetID = D72FA2B918FE7F4400E3ACC6;
					};
				};
			};
			buildConfigurationList = D72FA2B518FE7F4400E3ACC6 /* Build configuration list for PBXProject "5CSwipe" */;
			compatibilityVersion = "Xcode 3.2";
			developmentRegion = English;
			hasScannedForEncodings = 0;
			knownRegions = (
				en,
				Base,
			);
			mainGroup = D72FA2B118FE7F4400E3ACC6;
			productRefGroup = D72FA2BB18FE7F4400E3ACC6 /* Products */;
			projectDirPath = "";
			projectRoot = "";
			targets = (
				D72FA2B918FE7F4400E3ACC6 /* 5CSwipe */,
				D72FA2DA18FE7F4500E3ACC6 /* 5CSwipeTests */,
			);
		};
/* End PBXProject section */

/* Begin PBXResourcesBuildPhase section */
		D72FA2B818FE7F4400E3ACC6 /* Resources */ = {
			isa = PBXResourcesBuildPhase;
			buildActionMask = 2147483647;
			files = (
				D7433F241900B6D100685A58 /* whiteCheck.png in Resources */,
				D72FA2D618FE7F4400E3ACC6 /* Images.xcassets in Resources */,
				D72FA2C818FE7F4400E3ACC6 /* InfoPlist.strings in Resources */,
				D72FA2F318FE7F6600E3ACC6 /* Main.storyboard in Resources */,
				D7433F221900B6C200685A58 /* 5CSwipe-Info.plist in Resources */,
				D7433F281900B70F00685A58 /* background.jpg in Resources */,
				D7433F261900B6FC00685A58 /* loginButton.png in Resources */,
			);
			runOnlyForDeploymentPostprocessing = 0;
		};
		D72FA2D918FE7F4500E3ACC6 /* Resources */ = {
			isa = PBXResourcesBuildPhase;
			buildActionMask = 2147483647;
			files = (
				D72FA2E718FE7F4500E3ACC6 /* InfoPlist.strings in Resources */,
			);
			runOnlyForDeploymentPostprocessing = 0;
		};
/* End PBXResourcesBuildPhase section */

/* Begin PBXSourcesBuildPhase section */
		D72FA2B618FE7F4400E3ACC6 /* Sources */ = {
			isa = PBXSourcesBuildPhase;
			buildActionMask = 2147483647;
			files = (
				D72FA2F618FE7F7300E3ACC6 /* LoginPage.m in Sources */,
				D72FA30D18FF755900E3ACC6 /* STKeychain.m in Sources */,
				D72FA2CE18FE7F4400E3ACC6 /* AppDelegate.m in Sources */,
				D72FA2FF18FE822A00E3ACC6 /* ViewController.m in Sources */,
				D72FA2CA18FE7F4400E3ACC6 /* main.m in Sources */,
			);
			runOnlyForDeploymentPostprocessing = 0;
		};
		D72FA2D718FE7F4500E3ACC6 /* Sources */ = {
			isa = PBXSourcesBuildPhase;
			buildActionMask = 2147483647;
			files = (
				D72FA2E918FE7F4500E3ACC6 /* _CSwipeTests.m in Sources */,
			);
			runOnlyForDeploymentPostprocessing = 0;
		};
/* End PBXSourcesBuildPhase section */

/* Begin PBXTargetDependency section */
		D72FA2E118FE7F4500E3ACC6 /* PBXTargetDependency */ = {
			isa = PBXTargetDependency;
			target = D72FA2B918FE7F4400E3ACC6 /* 5CSwipe */;
			targetProxy = D72FA2E018FE7F4500E3ACC6 /* PBXContainerItemProxy */;
		};
/* End PBXTargetDependency section */

/* Begin PBXVariantGroup section */
		D72FA2C618FE7F4400E3ACC6 /* InfoPlist.strings */ = {
			isa = PBXVariantGroup;
			children = (
				D72FA2C718FE7F4400E3ACC6 /* en */,
			);
			name = InfoPlist.strings;
			sourceTree = "<group>";
		};
		D72FA2E518FE7F4500E3ACC6 /* InfoPlist.strings */ = {
			isa = PBXVariantGroup;
			children = (
				D72FA2E618FE7F4500E3ACC6 /* en */,
			);
			name = InfoPlist.strings;
			sourceTree = "<group>";
		};
/* End PBXVariantGroup section */

/* Begin XCBuildConfiguration section */
		D72FA2EA18FE7F4500E3ACC6 /* Debug */ = {
			isa = XCBuildConfiguration;
			buildSettings = {
				ALWAYS_SEARCH_USER_PATHS = NO;
				CLANG_CXX_LANGUAGE_STANDARD = "gnu++0x";
				CLANG_CXX_LIBRARY = "libc++";
				CLANG_ENABLE_MODULES = YES;
				CLANG_ENABLE_OBJC_ARC = YES;
				CLANG_WARN_BOOL_CONVERSION = YES;
				CLANG_WARN_CONSTANT_CONVERSION = YES;
				CLANG_WARN_DIRECT_OBJC_ISA_USAGE = YES_ERROR;
				CLANG_WARN_EMPTY_BODY = YES;
				CLANG_WARN_ENUM_CONVERSION = YES;
				CLANG_WARN_INT_CONVERSION = YES;
				CLANG_WARN_OBJC_ROOT_CLASS = YES_ERROR;
				CLANG_WARN__DUPLICATE_METHOD_MATCH = YES;
				"CODE_SIGN_IDENTITY[sdk=iphoneos*]" = "iPhone Developer";
				COPY_PHASE_STRIP = NO;
				GCC_C_LANGUAGE_STANDARD = gnu99;
				GCC_DYNAMIC_NO_PIC = NO;
				GCC_OPTIMIZATION_LEVEL = 0;
				GCC_PREPROCESSOR_DEFINITIONS = (
					"DEBUG=1",
					"$(inherited)",
				);
				GCC_SYMBOLS_PRIVATE_EXTERN = NO;
				GCC_WARN_64_TO_32_BIT_CONVERSION = YES;
				GCC_WARN_ABOUT_RETURN_TYPE = YES_ERROR;
				GCC_WARN_UNDECLARED_SELECTOR = YES;
				GCC_WARN_UNINITIALIZED_AUTOS = YES_AGGRESSIVE;
				GCC_WARN_UNUSED_FUNCTION = YES;
				GCC_WARN_UNUSED_VARIABLE = YES;
				IPHONEOS_DEPLOYMENT_TARGET = 7.1;
				ONLY_ACTIVE_ARCH = YES;
				SDKROOT = iphoneos;
			};
			name = Debug;
		};
		D72FA2EB18FE7F4500E3ACC6 /* Release */ = {
			isa = XCBuildConfiguration;
			buildSettings = {
				ALWAYS_SEARCH_USER_PATHS = NO;
				CLANG_CXX_LANGUAGE_STANDARD = "gnu++0x";
				CLANG_CXX_LIBRARY = "libc++";
				CLANG_ENABLE_MODULES = YES;
				CLANG_ENABLE_OBJC_ARC = YES;
				CLANG_WARN_BOOL_CONVERSION = YES;
				CLANG_WARN_CONSTANT_CONVERSION = YES;
				CLANG_WARN_DIRECT_OBJC_ISA_USAGE = YES_ERROR;
				CLANG_WARN_EMPTY_BODY = YES;
				CLANG_WARN_ENUM_CONVERSION = YES;
				CLANG_WARN_INT_CONVERSION = YES;
				CLANG_WARN_OBJC_ROOT_CLASS = YES_ERROR;
				CLANG_WARN__DUPLICATE_METHOD_MATCH = YES;
				"CODE_SIGN_IDENTITY[sdk=iphoneos*]" = "iPhone Developer";
				COPY_PHASE_STRIP = YES;
				ENABLE_NS_ASSERTIONS = NO;
				GCC_C_LANGUAGE_STANDARD = gnu99;
				GCC_WARN_64_TO_32_BIT_CONVERSION = YES;
				GCC_WARN_ABOUT_RETURN_TYPE = YES_ERROR;
				GCC_WARN_UNDECLARED_SELECTOR = YES;
				GCC_WARN_UNINITIALIZED_AUTOS = YES_AGGRESSIVE;
				GCC_WARN_UNUSED_FUNCTION = YES;
				GCC_WARN_UNUSED_VARIABLE = YES;
				IPHONEOS_DEPLOYMENT_TARGET = 7.1;
				SDKROOT = iphoneos;
				VALIDATE_PRODUCT = YES;
			};
			name = Release;
		};
		D72FA2ED18FE7F4500E3ACC6 /* Debug */ = {
			isa = XCBuildConfiguration;
			buildSettings = {
				ASSETCATALOG_COMPILER_APPICON_NAME = AppIcon;
				ASSETCATALOG_COMPILER_LAUNCHIMAGE_NAME = LaunchImage;
				GCC_PRECOMPILE_PREFIX_HEADER = YES;
				GCC_PREFIX_HEADER = "5CSwipe/5CSwipe-Prefix.pch";
				INFOPLIST_FILE = "5CSwipe/5CSwipe-Info.plist";
				PRODUCT_NAME = "$(TARGET_NAME)";
				WRAPPER_EXTENSION = app;
			};
			name = Debug;
		};
		D72FA2EE18FE7F4500E3ACC6 /* Release */ = {
			isa = XCBuildConfiguration;
			buildSettings = {
				ASSETCATALOG_COMPILER_APPICON_NAME = AppIcon;
				ASSETCATALOG_COMPILER_LAUNCHIMAGE_NAME = LaunchImage;
				GCC_PRECOMPILE_PREFIX_HEADER = YES;
				GCC_PREFIX_HEADER = "5CSwipe/5CSwipe-Prefix.pch";
				INFOPLIST_FILE = "5CSwipe/5CSwipe-Info.plist";
				PRODUCT_NAME = "$(TARGET_NAME)";
				WRAPPER_EXTENSION = app;
			};
			name = Release;
		};
		D72FA2F018FE7F4500E3ACC6 /* Debug */ = {
			isa = XCBuildConfiguration;
			buildSettings = {
				BUNDLE_LOADER = "$(BUILT_PRODUCTS_DIR)/5CSwipe.app/5CSwipe";
				FRAMEWORK_SEARCH_PATHS = (
					"$(SDKROOT)/Developer/Library/Frameworks",
					"$(inherited)",
					"$(DEVELOPER_FRAMEWORKS_DIR)",
				);
				GCC_PRECOMPILE_PREFIX_HEADER = YES;
				GCC_PREFIX_HEADER = "5CSwipe/5CSwipe-Prefix.pch";
				GCC_PREPROCESSOR_DEFINITIONS = (
					"DEBUG=1",
					"$(inherited)",
				);
				INFOPLIST_FILE = "5CSwipeTests/5CSwipeTests-Info.plist";
				PRODUCT_NAME = "$(TARGET_NAME)";
				TEST_HOST = "$(BUNDLE_LOADER)";
				WRAPPER_EXTENSION = xctest;
			};
			name = Debug;
		};
		D72FA2F118FE7F4500E3ACC6 /* Release */ = {
			isa = XCBuildConfiguration;
			buildSettings = {
				BUNDLE_LOADER = "$(BUILT_PRODUCTS_DIR)/5CSwipe.app/5CSwipe";
				FRAMEWORK_SEARCH_PATHS = (
					"$(SDKROOT)/Developer/Library/Frameworks",
					"$(inherited)",
					"$(DEVELOPER_FRAMEWORKS_DIR)",
				);
				GCC_PRECOMPILE_PREFIX_HEADER = YES;
				GCC_PREFIX_HEADER = "5CSwipe/5CSwipe-Prefix.pch";
				INFOPLIST_FILE = "5CSwipeTests/5CSwipeTests-Info.plist";
				PRODUCT_NAME = "$(TARGET_NAME)";
				TEST_HOST = "$(BUNDLE_LOADER)";
				WRAPPER_EXTENSION = xctest;
			};
			name = Release;
		};
/* End XCBuildConfiguration section */

/* Begin XCConfigurationList section */
		D72FA2B518FE7F4400E3ACC6 /* Build configuration list for PBXProject "5CSwipe" */ = {
			isa = XCConfigurationList;
			buildConfigurations = (
				D72FA2EA18FE7F4500E3ACC6 /* Debug */,
				D72FA2EB18FE7F4500E3ACC6 /* Release */,
			);
			defaultConfigurationIsVisible = 0;
			defaultConfigurationName = Release;
		};
		D72FA2EC18FE7F4500E3ACC6 /* Build configuration list for PBXNativeTarget "5CSwipe" */ = {
			isa = XCConfigurationList;
			buildConfigurations = (
				D72FA2ED18FE7F4500E3ACC6 /* Debug */,
				D72FA2EE18FE7F4500E3ACC6 /* Release */,
			);
			defaultConfigurationIsVisible = 0;
			defaultConfigurationName = Release;
		};
		D72FA2EF18FE7F4500E3ACC6 /* Build configuration list for PBXNativeTarget "5CSwipeTests" */ = {
			isa = XCConfigurationList;
			buildConfigurations = (
				D72FA2F018FE7F4500E3ACC6 /* Debug */,
				D72FA2F118FE7F4500E3ACC6 /* Release */,
			);
			defaultConfigurationIsVisible = 0;
			defaultConfigurationName = Release;
		};
/* End XCConfigurationList section */
	};
	rootObject = D72FA2B218FE7F4400E3ACC6 /* Project object */;
}
